
Microsoft Visual Studio Solution File, Format Version 12.00
# Visual Studio Version 16
VisualStudioVersion = 16.0.29009.5
MinimumVisualStudioVersion = 10.0.40219.1
Project("{FAE04EC0-301F-11D3-BF4B-00C04F79EFBC}") = "SigmaDraconis", "SigmaDraconis\SigmaDraconis.csproj", "{B073D207-B029-4468-B6CC-771914D8E7F0}"
EndProject
Project("{FAE04EC0-301F-11D3-BF4B-00C04F79EFBC}") = "SigmaDraconis.World", "SigmaDraconis.World\SigmaDraconis.World.csproj", "{B29E2725-2817-445F-9DB3-3692DB968A1F}"
EndProject
Project("{FAE04EC0-301F-11D3-BF4B-00C04F79EFBC}") = "SigmaDraconis.Shared", "SigmaDraconis.Shared\SigmaDraconis.Shared.csproj", "{E7777407-4D94-406E-B80E-75DE5DDF2187}"
EndProject
Project("{FAE04EC0-301F-11D3-BF4B-00C04F79EFBC}") = "SigmaDraconis.UI", "SigmaDraconis.UI\SigmaDraconis.UI.csproj", "{1DCFE011-B0CF-4436-9C3E-E75D5E444321}"
EndProject
Project("{FAE04EC0-301F-11D3-BF4B-00C04F79EFBC}") = "SigmaDraconis.Renderers", "SigmaDraconis.Renderers\SigmaDraconis.Renderers.csproj", "{43BA48B9-B63B-4BC5-9D94-D253EE08D502}"
EndProject
Project("{FAE04EC0-301F-11D3-BF4B-00C04F79EFBC}") = "SigmaDraconis.Engine", "SigmaDraconis.Engine\SigmaDraconis.Engine.csproj", "{67CA84B9-7E6E-4719-BBFA-688EF8AF9AD4}"
EndProject
Project("{FAE04EC0-301F-11D3-BF4B-00C04F79EFBC}") = "SigmaDraconis.IO", "SigmaDraconis.IO\SigmaDraconis.IO.csproj", "{125ACDC6-208D-4DD8-934B-03C0F2B94A9B}"
EndProject
Project("{FAE04EC0-301F-11D3-BF4B-00C04F79EFBC}") = "SigmaDraconis.GameSerializer", "SigmaDraconis.GameSerializer\SigmaDraconis.GameSerializer.csproj", "{14CAD266-96F3-412B-B70A-F1676E639BBF}"
EndProject
Project("{FAE04EC0-301F-11D3-BF4B-00C04F79EFBC}") = "SigmaDraconis.Config", "SigmaDraconis.Config\SigmaDraconis.Config.csproj", "{3B6EF309-2642-4035-98E1-04FC50BFF7AC}"
EndProject
Project("{FAE04EC0-301F-11D3-BF4B-00C04F79EFBC}") = "SigmaDraconis.WorldInterfaces", "SigmaDraconis.WorldInterfaces\SigmaDraconis.WorldInterfaces.csproj", "{9A26D0A1-7070-425C-8D14-25F9B68E85CA}"
EndProject
Project("{FAE04EC0-301F-11D3-BF4B-00C04F79EFBC}") = "SigmaDraconis.Settings", "SigmaDraconis.Settings\SigmaDraconis.Settings.csproj", "{C384D01D-4250-4DBE-8562-16586CD1BF88}"
EndProject
Project("{FAE04EC0-301F-11D3-BF4B-00C04F79EFBC}") = "SigmaDraconis.WorldControllers", "SigmaDraconis.WorldControllers\SigmaDraconis.WorldControllers.csproj", "{7B9F3118-FDC1-47CD-8C95-926803AF49B1}"
EndProject
Project("{FAE04EC0-301F-11D3-BF4B-00C04F79EFBC}") = "SigmaDraconis.Shadows", "SigmaDraconis.Shadows\SigmaDraconis.Shadows.csproj", "{B00D3AFB-DF50-4DB9-A028-712BCD3CED3F}"
EndProject
Project("{FAE04EC0-301F-11D3-BF4B-00C04F79EFBC}") = "SigmaDraconis.AI", "SigmaDraconis.AI\SigmaDraconis.AI.csproj", "{24541DD4-5DA3-47C7-A33A-8F4EFC44DE85}"
EndProject
Project("{FAE04EC0-301F-11D3-BF4B-00C04F79EFBC}") = "Draconis.UI", "Draconis.UI\Draconis.UI.csproj", "{35C820FF-E512-4DC0-926D-440747093DFD}"
EndProject
Project("{FAE04EC0-301F-11D3-BF4B-00C04F79EFBC}") = "Draconis.Shared", "Draconis.Shared\Draconis.Shared.csproj", "{34A1A3E2-CE4C-42F9-9F22-A862EA6FCE47}"
EndProject
Project("{FAE04EC0-301F-11D3-BF4B-00C04F79EFBC}") = "Draconis.Input", "Draconis.Input\Draconis.Input.csproj", "{E3C48AF1-DAF4-4FE3-B2A1-E2177BD143AD}"
EndProject
Project("{FAE04EC0-301F-11D3-BF4B-00C04F79EFBC}") = "SigmaDraconis.Medical", "SigmaDraconis.Medical\SigmaDraconis.Medical.csproj", "{12310BDF-67D2-4627-9D46-212BB14CB63B}"
EndProject
Project("{FAE04EC0-301F-11D3-BF4B-00C04F79EFBC}") = "SigmaDraconis.Cards", "SigmaDraconis.Cards\SigmaDraconis.Cards.csproj", "{50AED0EB-C4D6-4671-B086-CB5CB84830F4}"
EndProject
Project("{FAE04EC0-301F-11D3-BF4B-00C04F79EFBC}") = "SigmaDraconis.Cards.Interface", "SigmaDraconis.Cards.Interface\SigmaDraconis.Cards.Interface.csproj", "{F37E96D4-034C-48A4-8BC8-3F8E927BE693}"
EndProject
Project("{FAE04EC0-301F-11D3-BF4B-00C04F79EFBC}") = "SigmaDraconis.AnimalAI", "SigmaDraconis.AnimalAI\SigmaDraconis.AnimalAI.csproj", "{703AFF93-1450-4A07-BB10-0FBCB8F3A94D}"
EndProject
Project("{FAE04EC0-301F-11D3-BF4B-00C04F79EFBC}") = "SigmaDraconis.Smoke", "SigmaDraconis.Smoke\SigmaDraconis.Smoke.csproj", "{39F00042-5035-4223-9FF8-693E081C3FCC}"
EndProject
Project("{FAE04EC0-301F-11D3-BF4B-00C04F79EFBC}") = "SigmaDraconis.Language", "SigmaDraconis.Language\SigmaDraconis.Language.csproj", "{9E1BD91D-D540-4F64-9D4B-A388EBDFCD49}"
EndProject
Project("{FAE04EC0-301F-11D3-BF4B-00C04F79EFBC}") = "SigmaDraconis.Sound", "SigmaDraconis.Sound\SigmaDraconis.Sound.csproj", "{CFFA7746-1574-458D-B26B-8682E98A925C}"
EndProject
Project("{FAE04EC0-301F-11D3-BF4B-00C04F79EFBC}") = "SigmaDraconis.Commentary", "SigmaDraconis.Commentary\SigmaDraconis.Commentary.csproj", "{1C7950EE-F7DC-49D6-AA92-C253E77BA01A}"
EndProject
Project("{FAE04EC0-301F-11D3-BF4B-00C04F79EFBC}") = "SigmaDraconis.CheckList", "SigmaDraconis.CheckList\SigmaDraconis.CheckList.csproj", "{52BD6093-496F-48B3-92A9-13ADAF60FCC8}"
EndProject
Project("{FAE04EC0-301F-11D3-BF4B-00C04F79EFBC}") = "SigmaDraconis.WorldGenerator", "SigmaDraconis.WorldGenerator\SigmaDraconis.WorldGenerator.csproj", "{DF33C9E6-5C45-4693-BD90-26B5EB94653A}"
EndProject
Project("{FAE04EC0-301F-11D3-BF4B-00C04F79EFBC}") = "SigmaDraconis.Steam", "SigmaDraconis.Steam\SigmaDraconis.Steam.csproj", "{F45B0991-BFB5-48C6-862F-6D679EC3B3D9}"
EndProject
Global
	GlobalSection(SolutionConfigurationPlatforms) = preSolution
		Debug|Any CPU = Debug|Any CPU
		Debug|x64 = Debug|x64
		Debug|x86 = Debug|x86
		Release|Any CPU = Release|Any CPU
		Release|x64 = Release|x64
		Release|x86 = Release|x86
	EndGlobalSection
	GlobalSection(ProjectConfigurationPlatforms) = postSolution
		{B073D207-B029-4468-B6CC-771914D8E7F0}.Debug|Any CPU.ActiveCfg = Debug|x86
		{B073D207-B029-4468-B6CC-771914D8E7F0}.Debug|Any CPU.Build.0 = Debug|x86
		{B073D207-B029-4468-B6CC-771914D8E7F0}.Debug|x64.ActiveCfg = Debug|x64
		{B073D207-B029-4468-B6CC-771914D8E7F0}.Debug|x64.Build.0 = Debug|x64
		{B073D207-B029-4468-B6CC-771914D8E7F0}.Debug|x86.ActiveCfg = Debug|x86
		{B073D207-B029-4468-B6CC-771914D8E7F0}.Debug|x86.Build.0 = Debug|x86
		{B073D207-B029-4468-B6CC-771914D8E7F0}.Release|Any CPU.ActiveCfg = Release|x86
		{B073D207-B029-4468-B6CC-771914D8E7F0}.Release|Any CPU.Build.0 = Release|x86
		{B073D207-B029-4468-B6CC-771914D8E7F0}.Release|x64.ActiveCfg = Release|x64
		{B073D207-B029-4468-B6CC-771914D8E7F0}.Release|x64.Build.0 = Release|x64
		{B073D207-B029-4468-B6CC-771914D8E7F0}.Release|x86.ActiveCfg = Release|x86
		{B073D207-B029-4468-B6CC-771914D8E7F0}.Release|x86.Build.0 = Release|x86
		{B29E2725-2817-445F-9DB3-3692DB968A1F}.Debug|Any CPU.ActiveCfg = Debug|Any CPU
		{B29E2725-2817-445F-9DB3-3692DB968A1F}.Debug|Any CPU.Build.0 = Debug|Any CPU
		{B29E2725-2817-445F-9DB3-3692DB968A1F}.Debug|x64.ActiveCfg = Debug|Any CPU
		{B29E2725-2817-445F-9DB3-3692DB968A1F}.Debug|x64.Build.0 = Debug|Any CPU
		{B29E2725-2817-445F-9DB3-3692DB968A1F}.Debug|x86.ActiveCfg = Debug|Any CPU
		{B29E2725-2817-445F-9DB3-3692DB968A1F}.Debug|x86.Build.0 = Debug|Any CPU
		{B29E2725-2817-445F-9DB3-3692DB968A1F}.Release|Any CPU.ActiveCfg = Release|Any CPU
		{B29E2725-2817-445F-9DB3-3692DB968A1F}.Release|Any CPU.Build.0 = Release|Any CPU
		{B29E2725-2817-445F-9DB3-3692DB968A1F}.Release|x64.ActiveCfg = Release|x64
		{B29E2725-2817-445F-9DB3-3692DB968A1F}.Release|x64.Build.0 = Release|x64
		{B29E2725-2817-445F-9DB3-3692DB968A1F}.Release|x86.ActiveCfg = Release|Any CPU
		{B29E2725-2817-445F-9DB3-3692DB968A1F}.Release|x86.Build.0 = Release|Any CPU
		{E7777407-4D94-406E-B80E-75DE5DDF2187}.Debug|Any CPU.ActiveCfg = Debug|Any CPU
		{E7777407-4D94-406E-B80E-75DE5DDF2187}.Debug|Any CPU.Build.0 = Debug|Any CPU
		{E7777407-4D94-406E-B80E-75DE5DDF2187}.Debug|x64.ActiveCfg = Debug|Any CPU
		{E7777407-4D94-406E-B80E-75DE5DDF2187}.Debug|x64.Build.0 = Debug|Any CPU
		{E7777407-4D94-406E-B80E-75DE5DDF2187}.Debug|x86.ActiveCfg = Debug|Any CPU
		{E7777407-4D94-406E-B80E-75DE5DDF2187}.Debug|x86.Build.0 = Debug|Any CPU
		{E7777407-4D94-406E-B80E-75DE5DDF2187}.Release|Any CPU.ActiveCfg = Release|Any CPU
		{E7777407-4D94-406E-B80E-75DE5DDF2187}.Release|Any CPU.Build.0 = Release|Any CPU
		{E7777407-4D94-406E-B80E-75DE5DDF2187}.Release|x64.ActiveCfg = Release|x64
		{E7777407-4D94-406E-B80E-75DE5DDF2187}.Release|x64.Build.0 = Release|x64
		{E7777407-4D94-406E-B80E-75DE5DDF2187}.Release|x86.ActiveCfg = Release|Any CPU
		{E7777407-4D94-406E-B80E-75DE5DDF2187}.Release|x86.Build.0 = Release|Any CPU
		{1DCFE011-B0CF-4436-9C3E-E75D5E444321}.Debug|Any CPU.ActiveCfg = Debug|Any CPU
		{1DCFE011-B0CF-4436-9C3E-E75D5E444321}.Debug|Any CPU.Build.0 = Debug|Any CPU
		{1DCFE011-B0CF-4436-9C3E-E75D5E444321}.Debug|x64.ActiveCfg = Debug|Any CPU
		{1DCFE011-B0CF-4436-9C3E-E75D5E444321}.Debug|x64.Build.0 = Debug|Any CPU
		{1DCFE011-B0CF-4436-9C3E-E75D5E444321}.Debug|x86.ActiveCfg = Debug|Any CPU
		{1DCFE011-B0CF-4436-9C3E-E75D5E444321}.Debug|x86.Build.0 = Debug|Any CPU
		{1DCFE011-B0CF-4436-9C3E-E75D5E444321}.Release|Any CPU.ActiveCfg = Release|Any CPU
		{1DCFE011-B0CF-4436-9C3E-E75D5E444321}.Release|Any CPU.Build.0 = Release|Any CPU
		{1DCFE011-B0CF-4436-9C3E-E75D5E444321}.Release|x64.ActiveCfg = Release|x64
		{1DCFE011-B0CF-4436-9C3E-E75D5E444321}.Release|x64.Build.0 = Release|x64
		{1DCFE011-B0CF-4436-9C3E-E75D5E444321}.Release|x86.ActiveCfg = Release|Any CPU
		{1DCFE011-B0CF-4436-9C3E-E75D5E444321}.Release|x86.Build.0 = Release|Any CPU
		{43BA48B9-B63B-4BC5-9D94-D253EE08D502}.Debug|Any CPU.ActiveCfg = Debug|Any CPU
		{43BA48B9-B63B-4BC5-9D94-D253EE08D502}.Debug|Any CPU.Build.0 = Debug|Any CPU
		{43BA48B9-B63B-4BC5-9D94-D253EE08D502}.Debug|x64.ActiveCfg = Debug|Any CPU
		{43BA48B9-B63B-4BC5-9D94-D253EE08D502}.Debug|x64.Build.0 = Debug|Any CPU
		{43BA48B9-B63B-4BC5-9D94-D253EE08D502}.Debug|x86.ActiveCfg = Debug|Any CPU
		{43BA48B9-B63B-4BC5-9D94-D253EE08D502}.Debug|x86.Build.0 = Debug|Any CPU
		{43BA48B9-B63B-4BC5-9D94-D253EE08D502}.Release|Any CPU.ActiveCfg = Release|Any CPU
		{43BA48B9-B63B-4BC5-9D94-D253EE08D502}.Release|Any CPU.Build.0 = Release|Any CPU
		{43BA48B9-B63B-4BC5-9D94-D253EE08D502}.Release|x64.ActiveCfg = Release|x64
		{43BA48B9-B63B-4BC5-9D94-D253EE08D502}.Release|x64.Build.0 = Release|x64
		{43BA48B9-B63B-4BC5-9D94-D253EE08D502}.Release|x86.ActiveCfg = Release|Any CPU
		{43BA48B9-B63B-4BC5-9D94-D253EE08D502}.Release|x86.Build.0 = Release|Any CPU
		{67CA84B9-7E6E-4719-BBFA-688EF8AF9AD4}.Debug|Any CPU.ActiveCfg = Debug|Any CPU
		{67CA84B9-7E6E-4719-BBFA-688EF8AF9AD4}.Debug|Any CPU.Build.0 = Debug|Any CPU
		{67CA84B9-7E6E-4719-BBFA-688EF8AF9AD4}.Debug|x64.ActiveCfg = Debug|Any CPU
		{67CA84B9-7E6E-4719-BBFA-688EF8AF9AD4}.Debug|x64.Build.0 = Debug|Any CPU
		{67CA84B9-7E6E-4719-BBFA-688EF8AF9AD4}.Debug|x86.ActiveCfg = Debug|Any CPU
		{67CA84B9-7E6E-4719-BBFA-688EF8AF9AD4}.Debug|x86.Build.0 = Debug|Any CPU
		{67CA84B9-7E6E-4719-BBFA-688EF8AF9AD4}.Release|Any CPU.ActiveCfg = Release|Any CPU
		{67CA84B9-7E6E-4719-BBFA-688EF8AF9AD4}.Release|Any CPU.Build.0 = Release|Any CPU
		{67CA84B9-7E6E-4719-BBFA-688EF8AF9AD4}.Release|x64.ActiveCfg = Release|x64
		{67CA84B9-7E6E-4719-BBFA-688EF8AF9AD4}.Release|x64.Build.0 = Release|x64
		{67CA84B9-7E6E-4719-BBFA-688EF8AF9AD4}.Release|x86.ActiveCfg = Release|Any CPU
		{67CA84B9-7E6E-4719-BBFA-688EF8AF9AD4}.Release|x86.Build.0 = Release|Any CPU
		{125ACDC6-208D-4DD8-934B-03C0F2B94A9B}.Debug|Any CPU.ActiveCfg = Debug|Any CPU
		{125ACDC6-208D-4DD8-934B-03C0F2B94A9B}.Debug|Any CPU.Build.0 = Debug|Any CPU
		{125ACDC6-208D-4DD8-934B-03C0F2B94A9B}.Debug|x64.ActiveCfg = Debug|Any CPU
		{125ACDC6-208D-4DD8-934B-03C0F2B94A9B}.Debug|x64.Build.0 = Debug|Any CPU
		{125ACDC6-208D-4DD8-934B-03C0F2B94A9B}.Debug|x86.ActiveCfg = Debug|Any CPU
		{125ACDC6-208D-4DD8-934B-03C0F2B94A9B}.Debug|x86.Build.0 = Debug|Any CPU
		{125ACDC6-208D-4DD8-934B-03C0F2B94A9B}.Release|Any CPU.ActiveCfg = Release|Any CPU
		{125ACDC6-208D-4DD8-934B-03C0F2B94A9B}.Release|Any CPU.Build.0 = Release|Any CPU
		{125ACDC6-208D-4DD8-934B-03C0F2B94A9B}.Release|x64.ActiveCfg = Release|x64
		{125ACDC6-208D-4DD8-934B-03C0F2B94A9B}.Release|x64.Build.0 = Release|x64
		{125ACDC6-208D-4DD8-934B-03C0F2B94A9B}.Release|x86.ActiveCfg = Release|Any CPU
		{125ACDC6-208D-4DD8-934B-03C0F2B94A9B}.Release|x86.Build.0 = Release|Any CPU
		{14CAD266-96F3-412B-B70A-F1676E639BBF}.Debug|Any CPU.ActiveCfg = Debug|Any CPU
		{14CAD266-96F3-412B-B70A-F1676E639BBF}.Debug|Any CPU.Build.0 = Debug|Any CPU
		{14CAD266-96F3-412B-B70A-F1676E639BBF}.Debug|x64.ActiveCfg = Debug|Any CPU
		{14CAD266-96F3-412B-B70A-F1676E639BBF}.Debug|x64.Build.0 = Debug|Any CPU
		{14CAD266-96F3-412B-B70A-F1676E639BBF}.Debug|x86.ActiveCfg = Debug|Any CPU
		{14CAD266-96F3-412B-B70A-F1676E639BBF}.Debug|x86.Build.0 = Debug|Any CPU
		{14CAD266-96F3-412B-B70A-F1676E639BBF}.Release|Any CPU.ActiveCfg = Release|Any CPU
		{14CAD266-96F3-412B-B70A-F1676E639BBF}.Release|Any CPU.Build.0 = Release|Any CPU
		{14CAD266-96F3-412B-B70A-F1676E639BBF}.Release|x64.ActiveCfg = Release|x64
		{14CAD266-96F3-412B-B70A-F1676E639BBF}.Release|x64.Build.0 = Release|x64
		{14CAD266-96F3-412B-B70A-F1676E639BBF}.Release|x86.ActiveCfg = Release|Any CPU
		{14CAD266-96F3-412B-B70A-F1676E639BBF}.Release|x86.Build.0 = Release|Any CPU
		{3B6EF309-2642-4035-98E1-04FC50BFF7AC}.Debug|Any CPU.ActiveCfg = Debug|Any CPU
		{3B6EF309-2642-4035-98E1-04FC50BFF7AC}.Debug|Any CPU.Build.0 = Debug|Any CPU
		{3B6EF309-2642-4035-98E1-04FC50BFF7AC}.Debug|x64.ActiveCfg = Debug|Any CPU
		{3B6EF309-2642-4035-98E1-04FC50BFF7AC}.Debug|x64.Build.0 = Debug|Any CPU
		{3B6EF309-2642-4035-98E1-04FC50BFF7AC}.Debug|x86.ActiveCfg = Debug|Any CPU
		{3B6EF309-2642-4035-98E1-04FC50BFF7AC}.Debug|x86.Build.0 = Debug|Any CPU
		{3B6EF309-2642-4035-98E1-04FC50BFF7AC}.Release|Any CPU.ActiveCfg = Release|Any CPU
		{3B6EF309-2642-4035-98E1-04FC50BFF7AC}.Release|Any CPU.Build.0 = Release|Any CPU
		{3B6EF309-2642-4035-98E1-04FC50BFF7AC}.Release|x64.ActiveCfg = Release|x64
		{3B6EF309-2642-4035-98E1-04FC50BFF7AC}.Release|x64.Build.0 = Release|x64
		{3B6EF309-2642-4035-98E1-04FC50BFF7AC}.Release|x86.ActiveCfg = Release|Any CPU
		{3B6EF309-2642-4035-98E1-04FC50BFF7AC}.Release|x86.Build.0 = Release|Any CPU
		{9A26D0A1-7070-425C-8D14-25F9B68E85CA}.Debug|Any CPU.ActiveCfg = Debug|Any CPU
		{9A26D0A1-7070-425C-8D14-25F9B68E85CA}.Debug|Any CPU.Build.0 = Debug|Any CPU
		{9A26D0A1-7070-425C-8D14-25F9B68E85CA}.Debug|x64.ActiveCfg = Debug|Any CPU
		{9A26D0A1-7070-425C-8D14-25F9B68E85CA}.Debug|x64.Build.0 = Debug|Any CPU
		{9A26D0A1-7070-425C-8D14-25F9B68E85CA}.Debug|x86.ActiveCfg = Debug|Any CPU
		{9A26D0A1-7070-425C-8D14-25F9B68E85CA}.Debug|x86.Build.0 = Debug|Any CPU
		{9A26D0A1-7070-425C-8D14-25F9B68E85CA}.Release|Any CPU.ActiveCfg = Release|Any CPU
		{9A26D0A1-7070-425C-8D14-25F9B68E85CA}.Release|Any CPU.Build.0 = Release|Any CPU
		{9A26D0A1-7070-425C-8D14-25F9B68E85CA}.Release|x64.ActiveCfg = Release|Any CPU
		{9A26D0A1-7070-425C-8D14-25F9B68E85CA}.Release|x64.Build.0 = Release|Any CPU
		{9A26D0A1-7070-425C-8D14-25F9B68E85CA}.Release|x86.ActiveCfg = Release|Any CPU
		{9A26D0A1-7070-425C-8D14-25F9B68E85CA}.Release|x86.Build.0 = Release|Any CPU
		{C384D01D-4250-4DBE-8562-16586CD1BF88}.Debug|Any CPU.ActiveCfg = Debug|Any CPU
		{C384D01D-4250-4DBE-8562-16586CD1BF88}.Debug|Any CPU.Build.0 = Debug|Any CPU
		{C384D01D-4250-4DBE-8562-16586CD1BF88}.Debug|x64.ActiveCfg = Debug|Any CPU
		{C384D01D-4250-4DBE-8562-16586CD1BF88}.Debug|x64.Build.0 = Debug|Any CPU
		{C384D01D-4250-4DBE-8562-16586CD1BF88}.Debug|x86.ActiveCfg = Debug|Any CPU
		{C384D01D-4250-4DBE-8562-16586CD1BF88}.Debug|x86.Build.0 = Debug|Any CPU
		{C384D01D-4250-4DBE-8562-16586CD1BF88}.Release|Any CPU.ActiveCfg = Release|Any CPU
		{C384D01D-4250-4DBE-8562-16586CD1BF88}.Release|Any CPU.Build.0 = Release|Any CPU
		{C384D01D-4250-4DBE-8562-16586CD1BF88}.Release|x64.ActiveCfg = Release|Any CPU
		{C384D01D-4250-4DBE-8562-16586CD1BF88}.Release|x64.Build.0 = Release|Any CPU
		{C384D01D-4250-4DBE-8562-16586CD1BF88}.Release|x86.ActiveCfg = Release|Any CPU
		{C384D01D-4250-4DBE-8562-16586CD1BF88}.Release|x86.Build.0 = Release|Any CPU
		{7B9F3118-FDC1-47CD-8C95-926803AF49B1}.Debug|Any CPU.ActiveCfg = Debug|Any CPU
		{7B9F3118-FDC1-47CD-8C95-926803AF49B1}.Debug|Any CPU.Build.0 = Debug|Any CPU
		{7B9F3118-FDC1-47CD-8C95-926803AF49B1}.Debug|x64.ActiveCfg = Debug|Any CPU
		{7B9F3118-FDC1-47CD-8C95-926803AF49B1}.Debug|x64.Build.0 = Debug|Any CPU
		{7B9F3118-FDC1-47CD-8C95-926803AF49B1}.Debug|x86.ActiveCfg = Debug|Any CPU
		{7B9F3118-FDC1-47CD-8C95-926803AF49B1}.Debug|x86.Build.0 = Debug|Any CPU
		{7B9F3118-FDC1-47CD-8C95-926803AF49B1}.Release|Any CPU.ActiveCfg = Release|Any CPU
		{7B9F3118-FDC1-47CD-8C95-926803AF49B1}.Release|Any CPU.Build.0 = Release|Any CPU
		{7B9F3118-FDC1-47CD-8C95-926803AF49B1}.Release|x64.ActiveCfg = Release|Any CPU
		{7B9F3118-FDC1-47CD-8C95-926803AF49B1}.Release|x64.Build.0 = Release|Any CPU
		{7B9F3118-FDC1-47CD-8C95-926803AF49B1}.Release|x86.ActiveCfg = Release|Any CPU
		{7B9F3118-FDC1-47CD-8C95-926803AF49B1}.Release|x86.Build.0 = Release|Any CPU
		{B00D3AFB-DF50-4DB9-A028-712BCD3CED3F}.Debug|Any CPU.ActiveCfg = Debug|Any CPU
		{B00D3AFB-DF50-4DB9-A028-712BCD3CED3F}.Debug|Any CPU.Build.0 = Debug|Any CPU
		{B00D3AFB-DF50-4DB9-A028-712BCD3CED3F}.Debug|x64.ActiveCfg = Debug|Any CPU
		{B00D3AFB-DF50-4DB9-A028-712BCD3CED3F}.Debug|x64.Build.0 = Debug|Any CPU
		{B00D3AFB-DF50-4DB9-A028-712BCD3CED3F}.Debug|x86.ActiveCfg = Debug|Any CPU
		{B00D3AFB-DF50-4DB9-A028-712BCD3CED3F}.Debug|x86.Build.0 = Debug|Any CPU
		{B00D3AFB-DF50-4DB9-A028-712BCD3CED3F}.Release|Any CPU.ActiveCfg = Release|Any CPU
		{B00D3AFB-DF50-4DB9-A028-712BCD3CED3F}.Release|Any CPU.Build.0 = Release|Any CPU
		{B00D3AFB-DF50-4DB9-A028-712BCD3CED3F}.Release|x64.ActiveCfg = Release|Any CPU
		{B00D3AFB-DF50-4DB9-A028-712BCD3CED3F}.Release|x64.Build.0 = Release|Any CPU
		{B00D3AFB-DF50-4DB9-A028-712BCD3CED3F}.Release|x86.ActiveCfg = Release|Any CPU
		{B00D3AFB-DF50-4DB9-A028-712BCD3CED3F}.Release|x86.Build.0 = Release|Any CPU
		{24541DD4-5DA3-47C7-A33A-8F4EFC44DE85}.Debug|Any CPU.ActiveCfg = Debug|Any CPU
		{24541DD4-5DA3-47C7-A33A-8F4EFC44DE85}.Debug|Any CPU.Build.0 = Debug|Any CPU
		{24541DD4-5DA3-47C7-A33A-8F4EFC44DE85}.Debug|x64.ActiveCfg = Debug|Any CPU
		{24541DD4-5DA3-47C7-A33A-8F4EFC44DE85}.Debug|x64.Build.0 = Debug|Any CPU
		{24541DD4-5DA3-47C7-A33A-8F4EFC44DE85}.Debug|x86.ActiveCfg = Debug|Any CPU
		{24541DD4-5DA3-47C7-A33A-8F4EFC44DE85}.Debug|x86.Build.0 = Debug|Any CPU
		{24541DD4-5DA3-47C7-A33A-8F4EFC44DE85}.Release|Any CPU.ActiveCfg = Release|Any CPU
		{24541DD4-5DA3-47C7-A33A-8F4EFC44DE85}.Release|Any CPU.Build.0 = Release|Any CPU
		{24541DD4-5DA3-47C7-A33A-8F4EFC44DE85}.Release|x64.ActiveCfg = Release|Any CPU
		{24541DD4-5DA3-47C7-A33A-8F4EFC44DE85}.Release|x64.Build.0 = Release|Any CPU
		{24541DD4-5DA3-47C7-A33A-8F4EFC44DE85}.Release|x86.ActiveCfg = Release|Any CPU
		{24541DD4-5DA3-47C7-A33A-8F4EFC44DE85}.Release|x86.Build.0 = Release|Any CPU
		{35C820FF-E512-4DC0-926D-440747093DFD}.Debug|Any CPU.ActiveCfg = Debug|Any CPU
		{35C820FF-E512-4DC0-926D-440747093DFD}.Debug|Any CPU.Build.0 = Debug|Any CPU
		{35C820FF-E512-4DC0-926D-440747093DFD}.Debug|x64.ActiveCfg = Debug|Any CPU
		{35C820FF-E512-4DC0-926D-440747093DFD}.Debug|x64.Build.0 = Debug|Any CPU
		{35C820FF-E512-4DC0-926D-440747093DFD}.Debug|x86.ActiveCfg = Debug|Any CPU
		{35C820FF-E512-4DC0-926D-440747093DFD}.Debug|x86.Build.0 = Debug|Any CPU
		{35C820FF-E512-4DC0-926D-440747093DFD}.Release|Any CPU.ActiveCfg = Release|Any CPU
		{35C820FF-E512-4DC0-926D-440747093DFD}.Release|Any CPU.Build.0 = Release|Any CPU
		{35C820FF-E512-4DC0-926D-440747093DFD}.Release|x64.ActiveCfg = Release|Any CPU
		{35C820FF-E512-4DC0-926D-440747093DFD}.Release|x64.Build.0 = Release|Any CPU
		{35C820FF-E512-4DC0-926D-440747093DFD}.Release|x86.ActiveCfg = Release|Any CPU
		{35C820FF-E512-4DC0-926D-440747093DFD}.Release|x86.Build.0 = Release|Any CPU
		{34A1A3E2-CE4C-42F9-9F22-A862EA6FCE47}.Debug|Any CPU.ActiveCfg = Debug|Any CPU
		{34A1A3E2-CE4C-42F9-9F22-A862EA6FCE47}.Debug|Any CPU.Build.0 = Debug|Any CPU
		{34A1A3E2-CE4C-42F9-9F22-A862EA6FCE47}.Debug|x64.ActiveCfg = Debug|Any CPU
		{34A1A3E2-CE4C-42F9-9F22-A862EA6FCE47}.Debug|x64.Build.0 = Debug|Any CPU
		{34A1A3E2-CE4C-42F9-9F22-A862EA6FCE47}.Debug|x86.ActiveCfg = Debug|Any CPU
		{34A1A3E2-CE4C-42F9-9F22-A862EA6FCE47}.Debug|x86.Build.0 = Debug|Any CPU
		{34A1A3E2-CE4C-42F9-9F22-A862EA6FCE47}.Release|Any CPU.ActiveCfg = Release|Any CPU
		{34A1A3E2-CE4C-42F9-9F22-A862EA6FCE47}.Release|Any CPU.Build.0 = Release|Any CPU
		{34A1A3E2-CE4C-42F9-9F22-A862EA6FCE47}.Release|x64.ActiveCfg = Release|Any CPU
		{34A1A3E2-CE4C-42F9-9F22-A862EA6FCE47}.Release|x64.Build.0 = Release|Any CPU
		{34A1A3E2-CE4C-42F9-9F22-A862EA6FCE47}.Release|x86.ActiveCfg = Release|Any CPU
		{34A1A3E2-CE4C-42F9-9F22-A862EA6FCE47}.Release|x86.Build.0 = Release|Any CPU
		{E3C48AF1-DAF4-4FE3-B2A1-E2177BD143AD}.Debug|Any CPU.ActiveCfg = Debug|Any CPU
		{E3C48AF1-DAF4-4FE3-B2A1-E2177BD143AD}.Debug|Any CPU.Build.0 = Debug|Any CPU
		{E3C48AF1-DAF4-4FE3-B2A1-E2177BD143AD}.Debug|x64.ActiveCfg = Debug|Any CPU
		{E3C48AF1-DAF4-4FE3-B2A1-E2177BD143AD}.Debug|x64.Build.0 = Debug|Any CPU
		{E3C48AF1-DAF4-4FE3-B2A1-E2177BD143AD}.Debug|x86.ActiveCfg = Debug|Any CPU
		{E3C48AF1-DAF4-4FE3-B2A1-E2177BD143AD}.Debug|x86.Build.0 = Debug|Any CPU
		{E3C48AF1-DAF4-4FE3-B2A1-E2177BD143AD}.Release|Any CPU.ActiveCfg = Release|Any CPU
		{E3C48AF1-DAF4-4FE3-B2A1-E2177BD143AD}.Release|Any CPU.Build.0 = Release|Any CPU
		{E3C48AF1-DAF4-4FE3-B2A1-E2177BD143AD}.Release|x64.ActiveCfg = Release|Any CPU
		{E3C48AF1-DAF4-4FE3-B2A1-E2177BD143AD}.Release|x64.Build.0 = Release|Any CPU
		{E3C48AF1-DAF4-4FE3-B2A1-E2177BD143AD}.Release|x86.ActiveCfg = Release|Any CPU
		{E3C48AF1-DAF4-4FE3-B2A1-E2177BD143AD}.Release|x86.Build.0 = Release|Any CPU
		{12310BDF-67D2-4627-9D46-212BB14CB63B}.Debug|Any CPU.ActiveCfg = Debug|Any CPU
		{12310BDF-67D2-4627-9D46-212BB14CB63B}.Debug|Any CPU.Build.0 = Debug|Any CPU
		{12310BDF-67D2-4627-9D46-212BB14CB63B}.Debug|x64.ActiveCfg = Debug|Any CPU
		{12310BDF-67D2-4627-9D46-212BB14CB63B}.Debug|x64.Build.0 = Debug|Any CPU
		{12310BDF-67D2-4627-9D46-212BB14CB63B}.Debug|x86.ActiveCfg = Debug|Any CPU
		{12310BDF-67D2-4627-9D46-212BB14CB63B}.Debug|x86.Build.0 = Debug|Any CPU
		{12310BDF-67D2-4627-9D46-212BB14CB63B}.Release|Any CPU.ActiveCfg = Release|Any CPU
		{12310BDF-67D2-4627-9D46-212BB14CB63B}.Release|Any CPU.Build.0 = Release|Any CPU
		{12310BDF-67D2-4627-9D46-212BB14CB63B}.Release|x64.ActiveCfg = Release|Any CPU
		{12310BDF-67D2-4627-9D46-212BB14CB63B}.Release|x64.Build.0 = Release|Any CPU
		{12310BDF-67D2-4627-9D46-212BB14CB63B}.Release|x86.ActiveCfg = Release|Any CPU
		{12310BDF-67D2-4627-9D46-212BB14CB63B}.Release|x86.Build.0 = Release|Any CPU
		{50AED0EB-C4D6-4671-B086-CB5CB84830F4}.Debug|Any CPU.ActiveCfg = Debug|Any CPU
		{50AED0EB-C4D6-4671-B086-CB5CB84830F4}.Debug|Any CPU.Build.0 = Debug|Any CPU
		{50AED0EB-C4D6-4671-B086-CB5CB84830F4}.Debug|x64.ActiveCfg = Debug|Any CPU
		{50AED0EB-C4D6-4671-B086-CB5CB84830F4}.Debug|x64.Build.0 = Debug|Any CPU
		{50AED0EB-C4D6-4671-B086-CB5CB84830F4}.Debug|x86.ActiveCfg = Debug|Any CPU
		{50AED0EB-C4D6-4671-B086-CB5CB84830F4}.Debug|x86.Build.0 = Debug|Any CPU
		{50AED0EB-C4D6-4671-B086-CB5CB84830F4}.Release|Any CPU.ActiveCfg = Release|Any CPU
		{50AED0EB-C4D6-4671-B086-CB5CB84830F4}.Release|Any CPU.Build.0 = Release|Any CPU
		{50AED0EB-C4D6-4671-B086-CB5CB84830F4}.Release|x64.ActiveCfg = Release|Any CPU
		{50AED0EB-C4D6-4671-B086-CB5CB84830F4}.Release|x64.Build.0 = Release|Any CPU
		{50AED0EB-C4D6-4671-B086-CB5CB84830F4}.Release|x86.ActiveCfg = Release|Any CPU
		{50AED0EB-C4D6-4671-B086-CB5CB84830F4}.Release|x86.Build.0 = Release|Any CPU
		{F37E96D4-034C-48A4-8BC8-3F8E927BE693}.Debug|Any CPU.ActiveCfg = Debug|Any CPU
		{F37E96D4-034C-48A4-8BC8-3F8E927BE693}.Debug|Any CPU.Build.0 = Debug|Any CPU
		{F37E96D4-034C-48A4-8BC8-3F8E927BE693}.Debug|x64.ActiveCfg = Debug|Any CPU
		{F37E96D4-034C-48A4-8BC8-3F8E927BE693}.Debug|x64.Build.0 = Debug|Any CPU
		{F37E96D4-034C-48A4-8BC8-3F8E927BE693}.Debug|x86.ActiveCfg = Debug|Any CPU
		{F37E96D4-034C-48A4-8BC8-3F8E927BE693}.Debug|x86.Build.0 = Debug|Any CPU
		{F37E96D4-034C-48A4-8BC8-3F8E927BE693}.Release|Any CPU.ActiveCfg = Release|Any CPU
		{F37E96D4-034C-48A4-8BC8-3F8E927BE693}.Release|Any CPU.Build.0 = Release|Any CPU
		{F37E96D4-034C-48A4-8BC8-3F8E927BE693}.Release|x64.ActiveCfg = Release|Any CPU
		{F37E96D4-034C-48A4-8BC8-3F8E927BE693}.Release|x64.Build.0 = Release|Any CPU
		{F37E96D4-034C-48A4-8BC8-3F8E927BE693}.Release|x86.ActiveCfg = Release|Any CPU
		{F37E96D4-034C-48A4-8BC8-3F8E927BE693}.Release|x86.Build.0 = Release|Any CPU
		{703AFF93-1450-4A07-BB10-0FBCB8F3A94D}.Debug|Any CPU.ActiveCfg = Debug|Any CPU
		{703AFF93-1450-4A07-BB10-0FBCB8F3A94D}.Debug|Any CPU.Build.0 = Debug|Any CPU
		{703AFF93-1450-4A07-BB10-0FBCB8F3A94D}.Debug|x64.ActiveCfg = Debug|Any CPU
		{703AFF93-1450-4A07-BB10-0FBCB8F3A94D}.Debug|x64.Build.0 = Debug|Any CPU
		{703AFF93-1450-4A07-BB10-0FBCB8F3A94D}.Debug|x86.ActiveCfg = Debug|Any CPU
		{703AFF93-1450-4A07-BB10-0FBCB8F3A94D}.Debug|x86.Build.0 = Debug|Any CPU
		{703AFF93-1450-4A07-BB10-0FBCB8F3A94D}.Release|Any CPU.ActiveCfg = Release|Any CPU
		{703AFF93-1450-4A07-BB10-0FBCB8F3A94D}.Release|Any CPU.Build.0 = Release|Any CPU
		{703AFF93-1450-4A07-BB10-0FBCB8F3A94D}.Release|x64.ActiveCfg = Release|Any CPU
		{703AFF93-1450-4A07-BB10-0FBCB8F3A94D}.Release|x64.Build.0 = Release|Any CPU
		{703AFF93-1450-4A07-BB10-0FBCB8F3A94D}.Release|x86.ActiveCfg = Release|Any CPU
		{703AFF93-1450-4A07-BB10-0FBCB8F3A94D}.Release|x86.Build.0 = Release|Any CPU
		{39F00042-5035-4223-9FF8-693E081C3FCC}.Debug|Any CPU.ActiveCfg = Debug|Any CPU
		{39F00042-5035-4223-9FF8-693E081C3FCC}.Debug|Any CPU.Build.0 = Debug|Any CPU
		{39F00042-5035-4223-9FF8-693E081C3FCC}.Debug|x64.ActiveCfg = Debug|Any CPU
		{39F00042-5035-4223-9FF8-693E081C3FCC}.Debug|x64.Build.0 = Debug|Any CPU
		{39F00042-5035-4223-9FF8-693E081C3FCC}.Debug|x86.ActiveCfg = Debug|Any CPU
		{39F00042-5035-4223-9FF8-693E081C3FCC}.Debug|x86.Build.0 = Debug|Any CPU
		{39F00042-5035-4223-9FF8-693E081C3FCC}.Release|Any CPU.ActiveCfg = Release|Any CPU
		{39F00042-5035-4223-9FF8-693E081C3FCC}.Release|Any CPU.Build.0 = Release|Any CPU
		{39F00042-5035-4223-9FF8-693E081C3FCC}.Release|x64.ActiveCfg = Release|Any CPU
		{39F00042-5035-4223-9FF8-693E081C3FCC}.Release|x64.Build.0 = Release|Any CPU
		{39F00042-5035-4223-9FF8-693E081C3FCC}.Release|x86.ActiveCfg = Release|Any CPU
		{39F00042-5035-4223-9FF8-693E081C3FCC}.Release|x86.Build.0 = Release|Any CPU
		{9E1BD91D-D540-4F64-9D4B-A388EBDFCD49}.Debug|Any CPU.ActiveCfg = Debug|Any CPU
		{9E1BD91D-D540-4F64-9D4B-A388EBDFCD49}.Debug|Any CPU.Build.0 = Debug|Any CPU
		{9E1BD91D-D540-4F64-9D4B-A388EBDFCD49}.Debug|x64.ActiveCfg = Debug|Any CPU
		{9E1BD91D-D540-4F64-9D4B-A388EBDFCD49}.Debug|x64.Build.0 = Debug|Any CPU
		{9E1BD91D-D540-4F64-9D4B-A388EBDFCD49}.Debug|x86.ActiveCfg = Debug|Any CPU
		{9E1BD91D-D540-4F64-9D4B-A388EBDFCD49}.Debug|x86.Build.0 = Debug|Any CPU
		{9E1BD91D-D540-4F64-9D4B-A388EBDFCD49}.Release|Any CPU.ActiveCfg = Release|Any CPU
		{9E1BD91D-D540-4F64-9D4B-A388EBDFCD49}.Release|Any CPU.Build.0 = Release|Any CPU
		{9E1BD91D-D540-4F64-9D4B-A388EBDFCD49}.Release|x64.ActiveCfg = Release|Any CPU
		{9E1BD91D-D540-4F64-9D4B-A388EBDFCD49}.Release|x64.Build.0 = Release|Any CPU
		{9E1BD91D-D540-4F64-9D4B-A388EBDFCD49}.Release|x86.ActiveCfg = Release|Any CPU
		{9E1BD91D-D540-4F64-9D4B-A388EBDFCD49}.Release|x86.Build.0 = Release|Any CPU
		{CFFA7746-1574-458D-B26B-8682E98A925C}.Debug|Any CPU.ActiveCfg = Debug|Any CPU
		{CFFA7746-1574-458D-B26B-8682E98A925C}.Debug|Any CPU.Build.0 = Debug|Any CPU
		{CFFA7746-1574-458D-B26B-8682E98A925C}.Debug|x64.ActiveCfg = Debug|Any CPU
		{CFFA7746-1574-458D-B26B-8682E98A925C}.Debug|x64.Build.0 = Debug|Any CPU
		{CFFA7746-1574-458D-B26B-8682E98A925C}.Debug|x86.ActiveCfg = Debug|Any CPU
		{CFFA7746-1574-458D-B26B-8682E98A925C}.Debug|x86.Build.0 = Debug|Any CPU
		{CFFA7746-1574-458D-B26B-8682E98A925C}.Release|Any CPU.ActiveCfg = Release|Any CPU
		{CFFA7746-1574-458D-B26B-8682E98A925C}.Release|Any CPU.Build.0 = Release|Any CPU
		{CFFA7746-1574-458D-B26B-8682E98A925C}.Release|x64.ActiveCfg = Release|Any CPU
		{CFFA7746-1574-458D-B26B-8682E98A925C}.Release|x64.Build.0 = Release|Any CPU
		{CFFA7746-1574-458D-B26B-8682E98A925C}.Release|x86.ActiveCfg = Release|Any CPU
		{CFFA7746-1574-458D-B26B-8682E98A925C}.Release|x86.Build.0 = Release|Any CPU
		{1C7950EE-F7DC-49D6-AA92-C253E77BA01A}.Debug|Any CPU.ActiveCfg = Debug|Any CPU
		{1C7950EE-F7DC-49D6-AA92-C253E77BA01A}.Debug|Any CPU.Build.0 = Debug|Any CPU
		{1C7950EE-F7DC-49D6-AA92-C253E77BA01A}.Debug|x64.ActiveCfg = Debug|Any CPU
		{1C7950EE-F7DC-49D6-AA92-C253E77BA01A}.Debug|x64.Build.0 = Debug|Any CPU
		{1C7950EE-F7DC-49D6-AA92-C253E77BA01A}.Debug|x86.ActiveCfg = Debug|Any CPU
		{1C7950EE-F7DC-49D6-AA92-C253E77BA01A}.Debug|x86.Build.0 = Debug|Any CPU
		{1C7950EE-F7DC-49D6-AA92-C253E77BA01A}.Release|Any CPU.ActiveCfg = Release|Any CPU
		{1C7950EE-F7DC-49D6-AA92-C253E77BA01A}.Release|Any CPU.Build.0 = Release|Any CPU
		{1C7950EE-F7DC-49D6-AA92-C253E77BA01A}.Release|x64.ActiveCfg = Release|Any CPU
		{1C7950EE-F7DC-49D6-AA92-C253E77BA01A}.Release|x64.Build.0 = Release|Any CPU
		{1C7950EE-F7DC-49D6-AA92-C253E77BA01A}.Release|x86.ActiveCfg = Release|Any CPU
		{1C7950EE-F7DC-49D6-AA92-C253E77BA01A}.Release|x86.Build.0 = Release|Any CPU
		{52BD6093-496F-48B3-92A9-13ADAF60FCC8}.Debug|Any CPU.ActiveCfg = Debug|Any CPU
		{52BD6093-496F-48B3-92A9-13ADAF60FCC8}.Debug|Any CPU.Build.0 = Debug|Any CPU
		{52BD6093-496F-48B3-92A9-13ADAF60FCC8}.Debug|x64.ActiveCfg = Debug|Any CPU
		{52BD6093-496F-48B3-92A9-13ADAF60FCC8}.Debug|x64.Build.0 = Debug|Any CPU
		{52BD6093-496F-48B3-92A9-13ADAF60FCC8}.Debug|x86.ActiveCfg = Debug|Any CPU
		{52BD6093-496F-48B3-92A9-13ADAF60FCC8}.Debug|x86.Build.0 = Debug|Any CPU
		{52BD6093-496F-48B3-92A9-13ADAF60FCC8}.Release|Any CPU.ActiveCfg = Release|Any CPU
		{52BD6093-496F-48B3-92A9-13ADAF60FCC8}.Release|Any CPU.Build.0 = Release|Any CPU
		{52BD6093-496F-48B3-92A9-13ADAF60FCC8}.Release|x64.ActiveCfg = Release|Any CPU
		{52BD6093-496F-48B3-92A9-13ADAF60FCC8}.Release|x64.Build.0 = Release|Any CPU
		{52BD6093-496F-48B3-92A9-13ADAF60FCC8}.Release|x86.ActiveCfg = Release|Any CPU
		{52BD6093-496F-48B3-92A9-13ADAF60FCC8}.Release|x86.Build.0 = Release|Any CPU
		{DF33C9E6-5C45-4693-BD90-26B5EB94653A}.Debug|Any CPU.ActiveCfg = Debug|Any CPU
		{DF33C9E6-5C45-4693-BD90-26B5EB94653A}.Debug|Any CPU.Build.0 = Debug|Any CPU
		{DF33C9E6-5C45-4693-BD90-26B5EB94653A}.Debug|x64.ActiveCfg = Debug|Any CPU
		{DF33C9E6-5C45-4693-BD90-26B5EB94653A}.Debug|x64.Build.0 = Debug|Any CPU
		{DF33C9E6-5C45-4693-BD90-26B5EB94653A}.Debug|x86.ActiveCfg = Debug|Any CPU
		{DF33C9E6-5C45-4693-BD90-26B5EB94653A}.Debug|x86.Build.0 = Debug|Any CPU
		{DF33C9E6-5C45-4693-BD90-26B5EB94653A}.Release|Any CPU.ActiveCfg = Release|Any CPU
		{DF33C9E6-5C45-4693-BD90-26B5EB94653A}.Release|Any CPU.Build.0 = Release|Any CPU
		{DF33C9E6-5C45-4693-BD90-26B5EB94653A}.Release|x64.ActiveCfg = Release|Any CPU
		{DF33C9E6-5C45-4693-BD90-26B5EB94653A}.Release|x64.Build.0 = Release|Any CPU
		{DF33C9E6-5C45-4693-BD90-26B5EB94653A}.Release|x86.ActiveCfg = Release|Any CPU
		{DF33C9E6-5C45-4693-BD90-26B5EB94653A}.Release|x86.Build.0 = Release|Any CPU
		{F45B0991-BFB5-48C6-862F-6D679EC3B3D9}.Debug|Any CPU.ActiveCfg = Debug|Any CPU
		{F45B0991-BFB5-48C6-862F-6D679EC3B3D9}.Debug|Any CPU.Build.0 = Debug|Any CPU
		{F45B0991-BFB5-48C6-862F-6D679EC3B3D9}.Debug|x64.ActiveCfg = Debug|Any CPU
		{F45B0991-BFB5-48C6-862F-6D679EC3B3D9}.Debug|x64.Build.0 = Debug|Any CPU
		{F45B0991-BFB5-48C6-862F-6D679EC3B3D9}.Debug|x86.ActiveCfg = Debug|Any CPU
		{F45B0991-BFB5-48C6-862F-6D679EC3B3D9}.Debug|x86.Build.0 = Debug|Any CPU
		{F45B0991-BFB5-48C6-862F-6D679EC3B3D9}.Release|Any CPU.ActiveCfg = Release|Any CPU
		{F45B0991-BFB5-48C6-862F-6D679EC3B3D9}.Release|Any CPU.Build.0 = Release|Any CPU
		{F45B0991-BFB5-48C6-862F-6D679EC3B3D9}.Release|x64.ActiveCfg = Release|Any CPU
		{F45B0991-BFB5-48C6-862F-6D679EC3B3D9}.Release|x64.Build.0 = Release|Any CPU
		{F45B0991-BFB5-48C6-862F-6D679EC3B3D9}.Release|x86.ActiveCfg = Release|Any CPU
		{F45B0991-BFB5-48C6-862F-6D679EC3B3D9}.Release|x86.Build.0 = Release|Any CPU
	EndGlobalSection
	GlobalSection(SolutionProperties) = preSolution
		HideSolutionNode = FALSE
	EndGlobalSection
	GlobalSection(ExtensibilityGlobals) = postSolution
		SolutionGuid = {1839A5BB-7941-40C1-99D6-A14704A690C7}
	EndGlobalSection
EndGlobal
